{
  "name": "c15e4b19a90d9797",
  "lockfileVersion": 3,
  "requires": true,
  "packages": {
    "": {
      "dependencies": {
        "expo-doctor": "^1.20.3"
      }
    },
    "node_modules/expo-doctor": {
      "version": "1.20.3",
      "resolved": "https://registry.npmjs.org/expo-doctor/-/expo-doctor-1.20.3.tgz",
      "integrity": "sha512-lUEJCHbmni/R7mu/aNfpy6UZsD01BbvPRpaHfdbvUo65TtWzUZbZjTiDnfX9/eJWMvNsK5boD5Z17uONKv0dJw==",
      "license": "MIT",
      "bin": {
        "expo-doctor": "bin/expo-doctor.js"
      },
      "engines": {
        "node": "^20.19.4 || ^22.13.0 || ^24.3.0 || >= 25.0.0"
      }
    }
  }
}
