{
  "name": "05b6ef7b13673c57",
  "lockfileVersion": 3,
  "requires": true,
  "packages": {
    "": {
      "dependencies": {
        "deno": "^2.9.5"
      }
    },
    "node_modules/@deno/darwin-arm64": {
      "version": "2.9.5",
      "resolved": "https://registry.npmjs.org/@deno/darwin-arm64/-/darwin-arm64-2.9.5.tgz",
      "integrity": "sha512-SX98qSdBT1lw9x6NwGwx2xIayl1kRimdRnFohYlJ6nt3mLKzTKHHKQwQs5D2pEY7mbUGGbYe9brM2kfN75pPkg==",
      "cpu": [
        "arm64"
      ],
      "license": "MIT",
      "optional": true,
      "os": [
        "darwin"
      ]
    },
    "node_modules/@deno/darwin-x64": {
      "version": "2.9.5",
      "resolved": "https://registry.npmjs.org/@deno/darwin-x64/-/darwin-x64-2.9.5.tgz",
      "integrity": "sha512-gbdlxWZuAZFiJiZtTT00Mv/aC7f/31+pyqJGQKlZr5X33WeTo5B0GG+efcX3P1UZceRKHuPEAQ1B/M2oRt8r9Q==",
      "cpu": [
        "x64"
      ],
      "license": "MIT",
      "optional": true,
      "os": [
        "darwin"
      ]
    },
    "node_modules/@deno/linux-arm64-glibc": {
      "version": "2.9.5",
      "resolved": "https://registry.npmjs.org/@deno/linux-arm64-glibc/-/linux-arm64-glibc-2.9.5.tgz",
      "integrity": "sha512-IuYjsz9PGl7CJcNXMuN27KNDB8Q40brK3SG3l+TXMDVW61ZKwcn0fQHBHnXFiiygEwI8by/fKnASEluhZB1atw==",
      "cpu": [
        "arm64"
      ],
      "libc": [
        "glibc"
      ],
      "license": "MIT",
      "optional": true,
      "os": [
        "linux"
      ]
    },
    "node_modules/@deno/linux-x64-glibc": {
      "version": "2.9.5",
      "resolved": "https://registry.npmjs.org/@deno/linux-x64-glibc/-/linux-x64-glibc-2.9.5.tgz",
      "integrity": "sha512-TDqcnoLe3jlgqYEQm7H7MK6q0JOth+o8iSZzknRODnVkJfPiNnjVn1M1Zc6vnp+ipkyb6Av1/CUlHgHtlq59Gw==",
      "cpu": [
        "x64"
      ],
      "libc": [
        "glibc"
      ],
      "license": "MIT",
      "optional": true,
      "os": [
        "linux"
      ]
    },
    "node_modules/@deno/win32-arm64": {
      "version": "2.9.5",
      "resolved": "https://registry.npmjs.org/@deno/win32-arm64/-/win32-arm64-2.9.5.tgz",
      "integrity": "sha512-tTPrE/4SX7uaC8nJW47iNnibtjzk1y4zoiYjBBHE34vdkbb6LHopqH68BxyT61HZdfqXzOTEYjDVHhtmVZFy+w==",
      "cpu": [
        "arm64"
      ],
      "license": "MIT",
      "optional": true,
      "os": [
        "win32"
      ]
    },
    "node_modules/@deno/win32-x64": {
      "version": "2.9.5",
      "resolved": "https://registry.npmjs.org/@deno/win32-x64/-/win32-x64-2.9.5.tgz",
      "integrity": "sha512-LkcERsH0olOgevg9L9eootSr1U8ydyfnX1bS3mFqU+lGBeTYtlec5b/QF473WUOGVgPlWECrkxi4As5kEaFOzg==",
      "cpu": [
        "x64"
      ],
      "license": "MIT",
      "optional": true,
      "os": [
        "win32"
      ]
    },
    "node_modules/deno": {
      "version": "2.9.5",
      "resolved": "https://registry.npmjs.org/deno/-/deno-2.9.5.tgz",
      "integrity": "sha512-Jt/AcJiErtUW9krGwlwUDsm1coNtmfthiQ4JtSCF+JNkqohbeiJoRVkCr4FA4WQstyHuSJaON6PHCin0UCtlLg==",
      "hasInstallScript": true,
      "license": "MIT",
      "bin": {
        "deno": "bin.cjs"
      },
      "optionalDependencies": {
        "@deno/darwin-arm64": "2.9.5",
        "@deno/darwin-x64": "2.9.5",
        "@deno/linux-arm64-glibc": "2.9.5",
        "@deno/linux-x64-glibc": "2.9.5",
        "@deno/win32-arm64": "2.9.5",
        "@deno/win32-x64": "2.9.5"
      }
    }
  }
}
